
Microsoft Visual Studio Solution File, Format Version 12.00
# Visual Studio Version 17
VisualStudioVersion = 17.7.34003.232
MinimumVisualStudioVersion = 10.0.40219.1
Project("{FAE04EC0-301F-11D3-BF4B-00C04F79EFBC}") = "TA28_03", "TA28_03.csproj", "{D59D65FB-2E09-44F5-893F-613BDDF3673B}"
EndProject
Global
	GlobalSection(SolutionConfigurationPlatforms) = preSolution
		Debug|Any CPU = Debug|Any CPU
		Release|Any CPU = Release|Any CPU
	EndGlobalSection
	GlobalSection(ProjectConfigurationPlatforms) = postSolution
		{D59D65FB-2E09-44F5-893F-613BDDF3673B}.Debug|Any CPU.ActiveCfg = Debug|Any CPU
		{D59D65FB-2E09-44F5-893F-613BDDF3673B}.Debug|Any CPU.Build.0 = Debug|Any CPU
		{D59D65FB-2E09-44F5-893F-613BDDF3673B}.Release|Any CPU.ActiveCfg = Release|Any CPU
		{D59D65FB-2E09-44F5-893F-613BDDF3673B}.Release|Any CPU.Build.0 = Release|Any CPU
	EndGlobalSection
	GlobalSection(SolutionProperties) = preSolution
		HideSolutionNode = FALSE
	EndGlobalSection
	GlobalSection(ExtensibilityGlobals) = postSolution
		SolutionGuid = {C3B40040-101B-41A5-B227-3D00ABC7A576}
	EndGlobalSection
EndGlobal
