
Microsoft Visual Studio Solution File, Format Version 12.00
# Visual Studio Version 17
VisualStudioVersion = 17.7.34003.232
MinimumVisualStudioVersion = 10.0.40219.1
Project("{FAE04EC0-301F-11D3-BF4B-00C04F79EFBC}") = "TA28_01", "TA28_01.csproj", "{441079AC-F6E1-4100-9746-1CF1F4D43779}"
EndProject
Global
	GlobalSection(SolutionConfigurationPlatforms) = preSolution
		Debug|Any CPU = Debug|Any CPU
		Release|Any CPU = Release|Any CPU
	EndGlobalSection
	GlobalSection(ProjectConfigurationPlatforms) = postSolution
		{441079AC-F6E1-4100-9746-1CF1F4D43779}.Debug|Any CPU.ActiveCfg = Debug|Any CPU
		{441079AC-F6E1-4100-9746-1CF1F4D43779}.Debug|Any CPU.Build.0 = Debug|Any CPU
		{441079AC-F6E1-4100-9746-1CF1F4D43779}.Release|Any CPU.ActiveCfg = Release|Any CPU
		{441079AC-F6E1-4100-9746-1CF1F4D43779}.Release|Any CPU.Build.0 = Release|Any CPU
	EndGlobalSection
	GlobalSection(SolutionProperties) = preSolution
		HideSolutionNode = FALSE
	EndGlobalSection
	GlobalSection(ExtensibilityGlobals) = postSolution
		SolutionGuid = {80AEE2A0-CC07-43B4-91F9-40DFCFB30389}
	EndGlobalSection
EndGlobal
